lockfileVersion: '9.0'

settings:
  autoInstallPeers: true
  excludeLinksFromLockfile: false

importers:

  .:
    dependencies:
      '@bjorn3/browser_wasi_shim':
        specifier: ^0.3.0
        version: 0.3.0

packages:

  '@bjorn3/browser_wasi_shim@0.3.0':
    resolution: {integrity: sha512-FlRBYttPRLcWORzBe6g8nmYTafBkOEFeOqMYM4tAHJzFsQy4+xJA94z85a9BCs8S+Uzfh9LrkpII7DXr2iUVFg==}

snapshots:

  '@bjorn3/browser_wasi_shim@0.3.0': {}
